
Microsoft Visual Studio Solution File, Format Version 12.00
# Visual Studio Version 16
VisualStudioVersion = 16.0.29418.71
MinimumVisualStudioVersion = 10.0.40219.1
Project("{FAE04EC0-301F-11D3-BF4B-00C04F79EFBC}") = "ShowsAPI", "ShowsAPI\ShowsAPI.csproj", "{B6CE5F27-8567-4805-AE8C-3FD9DCF7403F}"
EndProject
Project("{FAE04EC0-301F-11D3-BF4B-00C04F79EFBC}") = "TvMazeScraper", "TvMazeScraper\TvMazeScraper.csproj", "{623211A0-547C-41A0-B71F-417406B787C1}"
EndProject
Global
	GlobalSection(SolutionConfigurationPlatforms) = preSolution
		Debug|Any CPU = Debug|Any CPU
		Release|Any CPU = Release|Any CPU
	EndGlobalSection
	GlobalSection(ProjectConfigurationPlatforms) = postSolution
		{B6CE5F27-8567-4805-AE8C-3FD9DCF7403F}.Debug|Any CPU.ActiveCfg = Debug|Any CPU
		{B6CE5F27-8567-4805-AE8C-3FD9DCF7403F}.Debug|Any CPU.Build.0 = Debug|Any CPU
		{B6CE5F27-8567-4805-AE8C-3FD9DCF7403F}.Release|Any CPU.ActiveCfg = Release|Any CPU
		{B6CE5F27-8567-4805-AE8C-3FD9DCF7403F}.Release|Any CPU.Build.0 = Release|Any CPU
		{623211A0-547C-41A0-B71F-417406B787C1}.Debug|Any CPU.ActiveCfg = Debug|Any CPU
		{623211A0-547C-41A0-B71F-417406B787C1}.Debug|Any CPU.Build.0 = Debug|Any CPU
		{623211A0-547C-41A0-B71F-417406B787C1}.Release|Any CPU.ActiveCfg = Release|Any CPU
		{623211A0-547C-41A0-B71F-417406B787C1}.Release|Any CPU.Build.0 = Release|Any CPU
	EndGlobalSection
	GlobalSection(SolutionProperties) = preSolution
		HideSolutionNode = FALSE
	EndGlobalSection
	GlobalSection(ExtensibilityGlobals) = postSolution
		SolutionGuid = {F0B727D4-3AAD-4EB8-8AA6-BB4E4F1FCC9E}
	EndGlobalSection
EndGlobal
